Microsoft Visual Studio Solution File, Format Version 12.00
# Visual Studio Version 17
Project("{8BC9CEB8-8B4A-11D0-8D11-00A0C91BC942}") = "Server", "D:/Facultate/Anul2Sem1/MC/ProjectMCpp/ProiectMC/Server\Server.vcxproj", "{B277EC2E-B6AE-3EEA-889E-A15F7C355A65}"
EndProject
Project("{8BC9CEB8-8B4A-11D0-8D11-00A0C91BC942}") = "Client", "D:/Facultate/Anul2Sem1/MC/ProjectMCpp/ProiectMC/Client\Client.vcxproj", "{4606E775-012C-3F0A-9EAC-5547F1D3AE7B}"
EndProject
Global
	GlobalSection(SolutionConfigurationPlatforms) = preSolution
		Debug|x64 = Debug|x64
		Release|x64 = Release|x64
	EndGlobalSection
	GlobalSection(ProjectConfigurationPlatforms) = postSolution
		{B277EC2E-B6AE-3EEA-889E-A15F7C355A65}.Debug|x64.ActiveCfg = Debug|x64
		{B277EC2E-B6AE-3EEA-889E-A15F7C355A65}.Debug|x64.Build.0 = Debug|x64
		{B277EC2E-B6AE-3EEA-889E-A15F7C355A65}.Release|x64.ActiveCfg = Release|x64
		{B277EC2E-B6AE-3EEA-889E-A15F7C355A65}.Release|x64.Build.0 = Release|x64
		{4606E775-012C-3F0A-9EAC-5547F1D3AE7B}.Debug|x64.ActiveCfg = Debug|x64
		{4606E775-012C-3F0A-9EAC-5547F1D3AE7B}.Debug|x64.Build.0 = Debug|x64
		{4606E775-012C-3F0A-9EAC-5547F1D3AE7B}.Release|x64.ActiveCfg = Release|x64
		{4606E775-012C-3F0A-9EAC-5547F1D3AE7B}.Release|x64.Build.0 = Release|x64
	EndGlobalSection
	GlobalSection(ExtensibilityGlobals) = postSolution
	EndGlobalSection
	GlobalSection(ExtensibilityAddIns) = postSolution
	EndGlobalSection
EndGlobal