<?xml version="1.0" encoding="utf-8"?>
<Project xmlns="http://schemas.microsoft.com/developer/msbuild/2003">
  <ItemGroup>
    <Filter Include="Generated Files">
      <UniqueIdentifier>{71ED8ED8-ACB9-4CE9-BBE1-E00B30144E11}</UniqueIdentifier>
      <Extensions>cpp;c;cxx;moc;h;def;odl;idl;res;</Extensions>
    </Filter>
    <Filter Include="Generated Files">
      <UniqueIdentifier>{71ED8ED8-ACB9-4CE9-BBE1-E00B30144E11}</UniqueIdentifier>
      <Extensions>cpp;c;cxx;moc;h;def;odl;idl;res;</Extensions>
    </Filter>
    <Filter Include="Header Files">
      <UniqueIdentifier>{93995380-89BD-4b04-88EB-625FBE52EBFB}</UniqueIdentifier>
      <Extensions>h;hpp;hxx;hm;inl;inc;xsd</Extensions>
    </Filter>
    <Filter Include="Header Files">
      <UniqueIdentifier>{93995380-89BD-4b04-88EB-625FBE52EBFB}</UniqueIdentifier>
      <Extensions>h;hpp;hxx;hm;inl;inc;xsd</Extensions>
    </Filter>
    <Filter Include="Source Files">
      <UniqueIdentifier>{4FC737F1-C7A5-4376-A066-2A32D752A2FF}</UniqueIdentifier>
      <Extensions>cpp;c;cxx;def;odl;idl;hpj;bat;asm;asmx</Extensions>
    </Filter>
    <Filter Include="Source Files">
      <UniqueIdentifier>{4FC737F1-C7A5-4376-A066-2A32D752A2FF}</UniqueIdentifier>
      <Extensions>cpp;c;cxx;def;odl;idl;hpj;bat;asm;asmx</Extensions>
    </Filter>
  </ItemGroup>
  <ItemGroup>
    <ClCompile Include="src\ActiveClientGuard.cpp">
      <Filter>Source Files</Filter>
    </ClCompile>
    <ClCompile Include="src\Bomb.cpp">
      <Filter>Source Files</Filter>
    </ClCompile>
    <ClCompile Include="src\Server.cpp">
      <Filter>Source Files</Filter>
    </ClCompile>
    <ClCompile Include="src\moc_Server.cpp">
      <Filter>Generated Files</Filter>
    </ClCompile>
  </ItemGroup>
  <ItemGroup>
    <QtMoc Include="include\ActiveClientGuard.h">
      <Filter>Generated Files</Filter>
    </QtMoc>
    <QtMoc Include="include\Bomb.h">
      <Filter>Generated Files</Filter>
    </QtMoc>
    <QtMoc Include="include\Bullet.h">
      <Filter>Generated Files</Filter>
    </QtMoc>
    <QtMoc Include="include\ClientFunctions.h">
      <Filter>Generated Files</Filter>
    </QtMoc>
    <QtMoc Include="include\Event.h">
      <Filter>Generated Files</Filter>
    </QtMoc>
    <QtMoc Include="include\GameEndEvent.h">
      <Filter>Generated Files</Filter>
    </QtMoc>
    <QtMoc Include="include\GameSession.h">
      <Filter>Generated Files</Filter>
    </QtMoc>
    <QtMoc Include="include\map.h">
      <Filter>Generated Files</Filter>
    </QtMoc>
    <QtMoc Include="include\Player.h">
      <Filter>Generated Files</Filter>
    </QtMoc>
    <QtMoc Include="include\PlayerEliminatedEvent.h">
      <Filter>Generated Files</Filter>
    </QtMoc>
    <QtMoc Include="include\PowerUpEvent.h">
      <Filter>Generated Files</Filter>
    </QtMoc>
    <QtMoc Include="include\Server.h">
      <Filter>Generated Files</Filter>
    </QtMoc>
    <QtMoc Include="include\Weapon.h">
      <Filter>Generated Files</Filter>
    </QtMoc>
    <QtMoc Include="src\Bullet.cpp">
      <Filter>Generated Files</Filter>
    </QtMoc>
    <QtMoc Include="src\ClientFunctions.cpp">
      <Filter>Generated Files</Filter>
    </QtMoc>
    <QtMoc Include="src\GameEndEvent.cpp">
      <Filter>Generated Files</Filter>
    </QtMoc>
    <QtMoc Include="src\GameSession.cpp">
      <Filter>Generated Files</Filter>
    </QtMoc>
    <QtMoc Include="src\main.cpp">
      <Filter>Generated Files</Filter>
    </QtMoc>
    <QtMoc Include="src\Map.cpp">
      <Filter>Generated Files</Filter>
    </QtMoc>
    <QtMoc Include="src\Player.cpp">
      <Filter>Generated Files</Filter>
    </QtMoc>
    <QtMoc Include="src\PlayerEliminatedEvent.cpp">
      <Filter>Generated Files</Filter>
    </QtMoc>
    <QtMoc Include="src\PowerUpEvent.cpp">
      <Filter>Generated Files</Filter>
    </QtMoc>
    <QtMoc Include="src\Weapon.cpp">
      <Filter>Generated Files</Filter>
    </QtMoc>
  </ItemGroup>
</Project>